// !$*UTF8*$!
{
	archiveVersion = 1;
	classes = {
	};
	objectVersion = 48;
	objects = {

/* Begin PBXBuildFile section */
		85F38F61200E072500FF408E /* AppDelegate.m in Sources */ = {isa = PBXBuildFile; fileRef = 85F38F60200E072500FF408E /* AppDelegate.m */; };
		85F38F64200E072500FF408E /* MasterViewController.m in Sources */ = {isa = PBXBuildFile; fileRef = 85F38F63200E072500FF408E /* MasterViewController.m */; };
		85F38F67200E072500FF408E /* DetailViewController.m in Sources */ = {isa = PBXBuildFile; fileRef = 85F38F66200E072500FF408E /* DetailViewController.m */; };
		85F38F6A200E072500FF408E /* Main.storyboard in Resources */ = {isa = PBXBuildFile; fileRef = 85F38F68200E072500FF408E /* Main.storyboard */; };
		85F38F6C200E072500FF408E /* Assets.xcassets in Resources */ = {isa = PBXBuildFile; fileRef = 85F38F6B200E072500FF408E /* Assets.xcassets */; };
		85F38F6F200E072500FF408E /* LaunchScreen.storyboard in Resources */ = {isa = PBXBuildFile; fileRef = 85F38F6D200E072500FF408E /* LaunchScreen.storyboard */; };
		85F38F72200E072500FF408E /* main.m in Sources */ = {isa = PBXBuildFile; fileRef = 85F38F71200E072500FF408E /* main.m */; };
		85F38F87200E0F5F00FF408E /* TopicTests.m in Sources */ = {isa = PBXBuildFile; fileRef = 85F38F86200E0F5F00FF408E /* TopicTests.m */; };
		85F38F8A200E0FDF00FF408E /* Topic.m in Sources */ = {isa = PBXBuildFile; fileRef = 85F38F89200E0FDF00FF408E /* Topic.m */; };
		85F38F8B200E0FDF00FF408E /* Topic.m in Sources */ = {isa = PBXBuildFile; fileRef = 85F38F89200E0FDF00FF408E /* Topic.m */; };
		85F38F8D200E1A0300FF408E /* QuestionTests.m in Sources */ = {isa = PBXBuildFile; fileRef = 85F38F8C200E1A0300FF408E /* QuestionTests.m */; };
		85F38F90200E1A8900FF408E /* Question.m in Sources */ = {isa = PBXBuildFile; fileRef = 85F38F8F200E1A8900FF408E /* Question.m */; };
		85F38F91200E1A8900FF408E /* Question.m in Sources */ = {isa = PBXBuildFile; fileRef = 85F38F8F200E1A8900FF408E /* Question.m */; };
		85F38F9E200FE7A300FF408E /* PersonTests.m in Sources */ = {isa = PBXBuildFile; fileRef = 85F38F9D200FE7A300FF408E /* PersonTests.m */; };
		85F38FA1200FE89600FF408E /* Person.m in Sources */ = {isa = PBXBuildFile; fileRef = 85F38FA0200FE89600FF408E /* Person.m */; };
		85F38FA2200FE89600FF408E /* Person.m in Sources */ = {isa = PBXBuildFile; fileRef = 85F38FA0200FE89600FF408E /* Person.m */; };
		85F38FA82010F2E000FF408E /* AnswerTests.m in Sources */ = {isa = PBXBuildFile; fileRef = 85F38FA72010F2E000FF408E /* AnswerTests.m */; };
		85F38FAB201118B500FF408E /* Answer.m in Sources */ = {isa = PBXBuildFile; fileRef = 85F38FAA201118B500FF408E /* Answer.m */; };
		85F38FAC201118B500FF408E /* Answer.m in Sources */ = {isa = PBXBuildFile; fileRef = 85F38FAA201118B500FF408E /* Answer.m */; };
		85F38FAE20111EED00FF408E /* QuestionCreationWorkflowTests.m in Sources */ = {isa = PBXBuildFile; fileRef = 85F38FAD20111EED00FF408E /* QuestionCreationWorkflowTests.m */; };
		85F38FB2201120B300FF408E /* StackOverflowManager.m in Sources */ = {isa = PBXBuildFile; fileRef = 85F38FB1201120B300FF408E /* StackOverflowManager.m */; };
		85F38FB3201120B300FF408E /* StackOverflowManager.m in Sources */ = {isa = PBXBuildFile; fileRef = 85F38FB1201120B300FF408E /* StackOverflowManager.m */; };
		85F38FB7201120E300FF408E /* MockStackOverflowManagerDelegate.m in Sources */ = {isa = PBXBuildFile; fileRef = 85F38FB6201120E300FF408E /* MockStackOverflowManagerDelegate.m */; };
		85F38FBD201125B300FF408E /* StackOverflowCommunicator.m in Sources */ = {isa = PBXBuildFile; fileRef = 85F38FBC201125B300FF408E /* StackOverflowCommunicator.m */; };
		85F38FBE201125B300FF408E /* StackOverflowCommunicator.m in Sources */ = {isa = PBXBuildFile; fileRef = 85F38FBC201125B300FF408E /* StackOverflowCommunicator.m */; };
		85F38FC12011260200FF408E /* MockStackOverflowCommunicator.m in Sources */ = {isa = PBXBuildFile; fileRef = 85F38FC02011260200FF408E /* MockStackOverflowCommunicator.m */; };
		85F38FC52011356500FF408E /* QuestionBuilder.m in Sources */ = {isa = PBXBuildFile; fileRef = 85F38FC42011356500FF408E /* QuestionBuilder.m */; };
		85F38FC62011356500FF408E /* QuestionBuilder.m in Sources */ = {isa = PBXBuildFile; fileRef = 85F38FC42011356500FF408E /* QuestionBuilder.m */; };
		85F38FCC2011366100FF408E /* FakeQuestionBuilder.m in Sources */ = {isa = PBXBuildFile; fileRef = 85F38FCB2011366100FF408E /* FakeQuestionBuilder.m */; };
		85F38FCE2011451800FF408E /* QuestionBuilderTests.m in Sources */ = {isa = PBXBuildFile; fileRef = 85F38FCD2011451800FF408E /* QuestionBuilderTests.m */; };
		85F38FD12013DFA000FF408E /* QuestionCreationTests.m in Sources */ = {isa = PBXBuildFile; fileRef = 85F38FD02013DFA000FF408E /* QuestionCreationTests.m */; };
/* End PBXBuildFile section */

/* Begin PBXContainerItemProxy section */
		85F38F78200E072500FF408E /* PBXContainerItemProxy */ = {
			isa = PBXContainerItemProxy;
			containerPortal = 85F38F54200E072500FF408E /* Project object */;
			proxyType = 1;
			remoteGlobalIDString = 85F38F5B200E072500FF408E;
			remoteInfo = BrowseOverflow;
		};
/* End PBXContainerItemProxy section */

/* Begin PBXFileReference section */
		85F38F5C200E072500FF408E /* BrowseOverflow.app */ = {isa = PBXFileReference; explicitFileType = wrapper.application; includeInIndex = 0; path = BrowseOverflow.app; sourceTree = BUILT_PRODUCTS_DIR; };
		85F38F5F200E072500FF408E /* AppDelegate.h */ = {isa = PBXFileReference; lastKnownFileType = sourcecode.c.h; path = AppDelegate.h; sourceTree = "<group>"; };
		85F38F60200E072500FF408E /* AppDelegate.m */ = {isa = PBXFileReference; lastKnownFileType = sourcecode.c.objc; path = AppDelegate.m; sourceTree = "<group>"; };
		85F38F62200E072500FF408E /* MasterViewController.h */ = {isa = PBXFileReference; lastKnownFileType = sourcecode.c.h; path = MasterViewController.h; sourceTree = "<group>"; };
		85F38F63200E072500FF408E /* MasterViewController.m */ = {isa = PBXFileReference; lastKnownFileType = sourcecode.c.objc; path = MasterViewController.m; sourceTree = "<group>"; };
		85F38F65200E072500FF408E /* DetailViewController.h */ = {isa = PBXFileReference; lastKnownFileType = sourcecode.c.h; path = DetailViewController.h; sourceTree = "<group>"; };
		85F38F66200E072500FF408E /* DetailViewController.m */ = {isa = PBXFileReference; lastKnownFileType = sourcecode.c.objc; path = DetailViewController.m; sourceTree = "<group>"; };
		85F38F69200E072500FF408E /* Base */ = {isa = PBXFileReference; lastKnownFileType = file.storyboard; name = Base; path = Base.lproj/Main.storyboard; sourceTree = "<group>"; };
		85F38F6B200E072500FF408E /* Assets.xcassets */ = {isa = PBXFileReference; lastKnownFileType = folder.assetcatalog; path = Assets.xcassets; sourceTree = "<group>"; };
		85F38F6E200E072500FF408E /* Base */ = {isa = PBXFileReference; lastKnownFileType = file.storyboard; name = Base; path = Base.lproj/LaunchScreen.storyboard; sourceTree = "<group>"; };
		85F38F70200E072500FF408E /* Info.plist */ = {isa = PBXFileReference; lastKnownFileType = text.plist.xml; path = Info.plist; sourceTree = "<group>"; };
		85F38F71200E072500FF408E /* main.m */ = {isa = PBXFileReference; lastKnownFileType = sourcecode.c.objc; path = main.m; sourceTree = "<group>"; };
		85F38F77200E072500FF408E /* BrowseOverflowTests.xctest */ = {isa = PBXFileReference; explicitFileType = wrapper.cfbundle; includeInIndex = 0; path = BrowseOverflowTests.xctest; sourceTree = BUILT_PRODUCTS_DIR; };
		85F38F7D200E072500FF408E /* Info.plist */ = {isa = PBXFileReference; lastKnownFileType = text.plist.xml; path = Info.plist; sourceTree = "<group>"; };
		85F38F86200E0F5F00FF408E /* TopicTests.m */ = {isa = PBXFileReference; lastKnownFileType = sourcecode.c.objc; path = TopicTests.m; sourceTree = "<group>"; };
		85F38F88200E0FDF00FF408E /* Topic.h */ = {isa = PBXFileReference; lastKnownFileType = sourcecode.c.h; path = Topic.h; sourceTree = "<group>"; };
		85F38F89200E0FDF00FF408E /* Topic.m */ = {isa = PBXFileReference; lastKnownFileType = sourcecode.c.objc; path = Topic.m; sourceTree = "<group>"; };
		85F38F8C200E1A0300FF408E /* QuestionTests.m */ = {isa = PBXFileReference; lastKnownFileType = sourcecode.c.objc; path = QuestionTests.m; sourceTree = "<group>"; };
		85F38F8E200E1A8900FF408E /* Question.h */ = {isa = PBXFileReference; lastKnownFileType = sourcecode.c.h; path = Question.h; sourceTree = "<group>"; };
		85F38F8F200E1A8900FF408E /* Question.m */ = {isa = PBXFileReference; lastKnownFileType = sourcecode.c.objc; path = Question.m; sourceTree = "<group>"; };
		85F38F9D200FE7A300FF408E /* PersonTests.m */ = {isa = PBXFileReference; lastKnownFileType = sourcecode.c.objc; path = PersonTests.m; sourceTree = "<group>"; };
		85F38F9F200FE89600FF408E /* Person.h */ = {isa = PBXFileReference; lastKnownFileType = sourcecode.c.h; path = Person.h; sourceTree = "<group>"; };
		85F38FA0200FE89600FF408E /* Person.m */ = {isa = PBXFileReference; lastKnownFileType = sourcecode.c.objc; path = Person.m; sourceTree = "<group>"; };
		85F38FA72010F2E000FF408E /* AnswerTests.m */ = {isa = PBXFileReference; lastKnownFileType = sourcecode.c.objc; path = AnswerTests.m; sourceTree = "<group>"; };
		85F38FA9201118B500FF408E /* Answer.h */ = {isa = PBXFileReference; lastKnownFileType = sourcecode.c.h; path = Answer.h; sourceTree = "<group>"; };
		85F38FAA201118B500FF408E /* Answer.m */ = {isa = PBXFileReference; lastKnownFileType = sourcecode.c.objc; path = Answer.m; sourceTree = "<group>"; };
		85F38FAD20111EED00FF408E /* QuestionCreationWorkflowTests.m */ = {isa = PBXFileReference; lastKnownFileType = sourcecode.c.objc; path = QuestionCreationWorkflowTests.m; sourceTree = "<group>"; };
		85F38FB0201120B300FF408E /* StackOverflowManager.h */ = {isa = PBXFileReference; lastKnownFileType = sourcecode.c.h; path = StackOverflowManager.h; sourceTree = "<group>"; };
		85F38FB1201120B300FF408E /* StackOverflowManager.m */ = {isa = PBXFileReference; lastKnownFileType = sourcecode.c.objc; path = StackOverflowManager.m; sourceTree = "<group>"; };
		85F38FB5201120E300FF408E /* MockStackOverflowManagerDelegate.h */ = {isa = PBXFileReference; lastKnownFileType = sourcecode.c.h; path = MockStackOverflowManagerDelegate.h; sourceTree = "<group>"; };
		85F38FB6201120E300FF408E /* MockStackOverflowManagerDelegate.m */ = {isa = PBXFileReference; lastKnownFileType = sourcecode.c.objc; path = MockStackOverflowManagerDelegate.m; sourceTree = "<group>"; };
		85F38FB92011217D00FF408E /* StackOverflowManagerDelegate.h */ = {isa = PBXFileReference; lastKnownFileType = sourcecode.c.h; path = StackOverflowManagerDelegate.h; sourceTree = "<group>"; };
		85F38FBB201125B300FF408E /* StackOverflowCommunicator.h */ = {isa = PBXFileReference; lastKnownFileType = sourcecode.c.h; path = StackOverflowCommunicator.h; sourceTree = "<group>"; };
		85F38FBC201125B300FF408E /* StackOverflowCommunicator.m */ = {isa = PBXFileReference; lastKnownFileType = sourcecode.c.objc; path = StackOverflowCommunicator.m; sourceTree = "<group>"; };
		85F38FBF2011260200FF408E /* MockStackOverflowCommunicator.h */ = {isa = PBXFileReference; lastKnownFileType = sourcecode.c.h; path = MockStackOverflowCommunicator.h; sourceTree = "<group>"; };
		85F38FC02011260200FF408E /* MockStackOverflowCommunicator.m */ = {isa = PBXFileReference; lastKnownFileType = sourcecode.c.objc; path = MockStackOverflowCommunicator.m; sourceTree = "<group>"; };
		85F38FC32011356500FF408E /* QuestionBuilder.h */ = {isa = PBXFileReference; lastKnownFileType = sourcecode.c.h; path = QuestionBuilder.h; sourceTree = "<group>"; };
		85F38FC42011356500FF408E /* QuestionBuilder.m */ = {isa = PBXFileReference; lastKnownFileType = sourcecode.c.objc; path = QuestionBuilder.m; sourceTree = "<group>"; };
		85F38FCA2011366100FF408E /* FakeQuestionBuilder.h */ = {isa = PBXFileReference; lastKnownFileType = sourcecode.c.h; path = FakeQuestionBuilder.h; sourceTree = "<group>"; };
		85F38FCB2011366100FF408E /* FakeQuestionBuilder.m */ = {isa = PBXFileReference; lastKnownFileType = sourcecode.c.objc; path = FakeQuestionBuilder.m; sourceTree = "<group>"; };
		85F38FCD2011451800FF408E /* QuestionBuilderTests.m */ = {isa = PBXFileReference; lastKnownFileType = sourcecode.c.objc; path = QuestionBuilderTests.m; sourceTree = "<group>"; };
		85F38FCF2013DE1000FF408E /* TestConsts.h */ = {isa = PBXFileReference; lastKnownFileType = sourcecode.c.h; path = TestConsts.h; sourceTree = "<group>"; };
		85F38FD02013DFA000FF408E /* QuestionCreationTests.m */ = {isa = PBXFileReference; lastKnownFileType = sourcecode.c.objc; path = QuestionCreationTests.m; sourceTree = "<group>"; };
/* End PBXFileReference section */

/* Begin PBXFrameworksBuildPhase section */
		85F38F59200E072500FF408E /* Frameworks */ = {
			isa = PBXFrameworksBuildPhase;
			buildActionMask = 2147483647;
			files = (
			);
			runOnlyForDeploymentPostprocessing = 0;
		};
		85F38F74200E072500FF408E /* Frameworks */ = {
			isa = PBXFrameworksBuildPhase;
			buildActionMask = 2147483647;
			files = (
			);
			runOnlyForDeploymentPostprocessing = 0;
		};
/* End PBXFrameworksBuildPhase section */

/* Begin PBXGroup section */
		85F38F53200E072500FF408E = {
			isa = PBXGroup;
			children = (
				85F38F5E200E072500FF408E /* BrowseOverflow */,
				85F38F7A200E072500FF408E /* BrowseOverflowTests */,
				85F38F5D200E072500FF408E /* Products */,
			);
			sourceTree = "<group>";
		};
		85F38F5D200E072500FF408E /* Products */ = {
			isa = PBXGroup;
			children = (
				85F38F5C200E072500FF408E /* BrowseOverflow.app */,
				85F38F77200E072500FF408E /* BrowseOverflowTests.xctest */,
			);
			name = Products;
			sourceTree = "<group>";
		};
		85F38F5E200E072500FF408E /* BrowseOverflow */ = {
			isa = PBXGroup;
			children = (
				85F38FC22011355200FF408E /* Builders */,
				85F38FBA2011259D00FF408E /* Communicators */,
				85F38FB82011216400FF408E /* Protocols */,
				85F38FAF2011204500FF408E /* Managers */,
				85F38FA62010F2A800FF408E /* Model */,
				85F38FA52010F28B00FF408E /* ViewControllers */,
				85F38FA42010F27200FF408E /* Storyboards */,
				85F38FA32010F26700FF408E /* Supporting Files */,
			);
			path = BrowseOverflow;
			sourceTree = "<group>";
		};
		85F38F7A200E072500FF408E /* BrowseOverflowTests */ = {
			isa = PBXGroup;
			children = (
				85F38FB4201120B900FF408E /* Mocks */,
				85F38F7D200E072500FF408E /* Info.plist */,
				85F38F86200E0F5F00FF408E /* TopicTests.m */,
				85F38F8C200E1A0300FF408E /* QuestionTests.m */,
				85F38F9D200FE7A300FF408E /* PersonTests.m */,
				85F38FA72010F2E000FF408E /* AnswerTests.m */,
				85F38FAD20111EED00FF408E /* QuestionCreationWorkflowTests.m */,
				85F38FCD2011451800FF408E /* QuestionBuilderTests.m */,
				85F38FCF2013DE1000FF408E /* TestConsts.h */,
				85F38FD02013DFA000FF408E /* QuestionCreationTests.m */,
			);
			path = BrowseOverflowTests;
			sourceTree = "<group>";
		};
		85F38FA32010F26700FF408E /* Supporting Files */ = {
			isa = PBXGroup;
			children = (
				85F38F5F200E072500FF408E /* AppDelegate.h */,
				85F38F60200E072500FF408E /* AppDelegate.m */,
				85F38F71200E072500FF408E /* main.m */,
				85F38F70200E072500FF408E /* Info.plist */,
				85F38F6B200E072500FF408E /* Assets.xcassets */,
			);
			path = "Supporting Files";
			sourceTree = "<group>";
		};
		85F38FA42010F27200FF408E /* Storyboards */ = {
			isa = PBXGroup;
			children = (
				85F38F68200E072500FF408E /* Main.storyboard */,
				85F38F6D200E072500FF408E /* LaunchScreen.storyboard */,
			);
			path = Storyboards;
			sourceTree = "<group>";
		};
		85F38FA52010F28B00FF408E /* ViewControllers */ = {
			isa = PBXGroup;
			children = (
				85F38F62200E072500FF408E /* MasterViewController.h */,
				85F38F63200E072500FF408E /* MasterViewController.m */,
				85F38F65200E072500FF408E /* DetailViewController.h */,
				85F38F66200E072500FF408E /* DetailViewController.m */,
			);
			path = ViewControllers;
			sourceTree = "<group>";
		};
		85F38FA62010F2A800FF408E /* Model */ = {
			isa = PBXGroup;
			children = (
				85F38F88200E0FDF00FF408E /* Topic.h */,
				85F38F89200E0FDF00FF408E /* Topic.m */,
				85F38F8E200E1A8900FF408E /* Question.h */,
				85F38F8F200E1A8900FF408E /* Question.m */,
				85F38F9F200FE89600FF408E /* Person.h */,
				85F38FA0200FE89600FF408E /* Person.m */,
				85F38FA9201118B500FF408E /* Answer.h */,
				85F38FAA201118B500FF408E /* Answer.m */,
			);
			path = Model;
			sourceTree = "<group>";
		};
		85F38FAF2011204500FF408E /* Managers */ = {
			isa = PBXGroup;
			children = (
				85F38FB0201120B300FF408E /* StackOverflowManager.h */,
				85F38FB1201120B300FF408E /* StackOverflowManager.m */,
			);
			path = Managers;
			sourceTree = "<group>";
		};
		85F38FB4201120B900FF408E /* Mocks */ = {
			isa = PBXGroup;
			children = (
				85F38FC92011363500FF408E /* Builders */,
				85F38FC82011363000FF408E /* Delegates */,
				85F38FC72011362500FF408E /* Communicators */,
			);
			path = Mocks;
			sourceTree = "<group>";
		};
		85F38FB82011216400FF408E /* Protocols */ = {
			isa = PBXGroup;
			children = (
				85F38FB92011217D00FF408E /* StackOverflowManagerDelegate.h */,
			);
			path = Protocols;
			sourceTree = "<group>";
		};
		85F38FBA2011259D00FF408E /* Communicators */ = {
			isa = PBXGroup;
			children = (
				85F38FBB201125B300FF408E /* StackOverflowCommunicator.h */,
				85F38FBC201125B300FF408E /* StackOverflowCommunicator.m */,
			);
			path = Communicators;
			sourceTree = "<group>";
		};
		85F38FC22011355200FF408E /* Builders */ = {
			isa = PBXGroup;
			children = (
				85F38FC32011356500FF408E /* QuestionBuilder.h */,
				85F38FC42011356500FF408E /* QuestionBuilder.m */,
			);
			path = Builders;
			sourceTree = "<group>";
		};
		85F38FC72011362500FF408E /* Communicators */ = {
			isa = PBXGroup;
			children = (
				85F38FBF2011260200FF408E /* MockStackOverflowCommunicator.h */,
				85F38FC02011260200FF408E /* MockStackOverflowCommunicator.m */,
			);
			path = Communicators;
			sourceTree = "<group>";
		};
		85F38FC82011363000FF408E /* Delegates */ = {
			isa = PBXGroup;
			children = (
				85F38FB5201120E300FF408E /* MockStackOverflowManagerDelegate.h */,
				85F38FB6201120E300FF408E /* MockStackOverflowManagerDelegate.m */,
			);
			path = Delegates;
			sourceTree = "<group>";
		};
		85F38FC92011363500FF408E /* Builders */ = {
			isa = PBXGroup;
			children = (
				85F38FCA2011366100FF408E /* FakeQuestionBuilder.h */,
				85F38FCB2011366100FF408E /* FakeQuestionBuilder.m */,
			);
			path = Builders;
			sourceTree = "<group>";
		};
/* End PBXGroup section */

/* Begin PBXNativeTarget section */
		85F38F5B200E072500FF408E /* BrowseOverflow */ = {
			isa = PBXNativeTarget;
			buildConfigurationList = 85F38F80200E072500FF408E /* Build configuration list for PBXNativeTarget "BrowseOverflow" */;
			buildPhases = (
				85F38F58200E072500FF408E /* Sources */,
				85F38F59200E072500FF408E /* Frameworks */,
				85F38F5A200E072500FF408E /* Resources */,
			);
			buildRules = (
			);
			dependencies = (
			);
			name = BrowseOverflow;
			productName = BrowseOverflow;
			productReference = 85F38F5C200E072500FF408E /* BrowseOverflow.app */;
			productType = "com.apple.product-type.application";
		};
		85F38F76200E072500FF408E /* BrowseOverflowTests */ = {
			isa = PBXNativeTarget;
			buildConfigurationList = 85F38F83200E072500FF408E /* Build configuration list for PBXNativeTarget "BrowseOverflowTests" */;
			buildPhases = (
				85F38F73200E072500FF408E /* Sources */,
				85F38F74200E072500FF408E /* Frameworks */,
				85F38F75200E072500FF408E /* Resources */,
			);
			buildRules = (
			);
			dependencies = (
				85F38F79200E072500FF408E /* PBXTargetDependency */,
			);
			name = BrowseOverflowTests;
			productName = BrowseOverflowTests;
			productReference = 85F38F77200E072500FF408E /* BrowseOverflowTests.xctest */;
			productType = "com.apple.product-type.bundle.unit-test";
		};
/* End PBXNativeTarget section */

/* Begin PBXProject section */
		85F38F54200E072500FF408E /* Project object */ = {
			isa = PBXProject;
			attributes = {
				LastUpgradeCheck = 0920;
				ORGANIZATIONNAME = vmeansdev;
				TargetAttributes = {
					85F38F5B200E072500FF408E = {
						CreatedOnToolsVersion = 9.2;
						ProvisioningStyle = Automatic;
					};
					85F38F76200E072500FF408E = {
						CreatedOnToolsVersion = 9.2;
						ProvisioningStyle = Automatic;
						TestTargetID = 85F38F5B200E072500FF408E;
					};
				};
			};
			buildConfigurationList = 85F38F57200E072500FF408E /* Build configuration list for PBXProject "BrowseOverflow" */;
			compatibilityVersion = "Xcode 8.0";
			developmentRegion = en;
			hasScannedForEncodings = 0;
			knownRegions = (
				en,
				Base,
			);
			mainGroup = 85F38F53200E072500FF408E;
			productRefGroup = 85F38F5D200E072500FF408E /* Products */;
			projectDirPath = "";
			projectRoot = "";
			targets = (
				85F38F5B200E072500FF408E /* BrowseOverflow */,
				85F38F76200E072500FF408E /* BrowseOverflowTests */,
			);
		};
/* End PBXProject section */

/* Begin PBXResourcesBuildPhase section */
		85F38F5A200E072500FF408E /* Resources */ = {
			isa = PBXResourcesBuildPhase;
			buildActionMask = 2147483647;
			files = (
				85F38F6F200E072500FF408E /* LaunchScreen.storyboard in Resources */,
				85F38F6C200E072500FF408E /* Assets.xcassets in Resources */,
				85F38F6A200E072500FF408E /* Main.storyboard in Resources */,
			);
			runOnlyForDeploymentPostprocessing = 0;
		};
		85F38F75200E072500FF408E /* Resources */ = {
			isa = PBXResourcesBuildPhase;
			buildActionMask = 2147483647;
			files = (
			);
			runOnlyForDeploymentPostprocessing = 0;
		};
/* End PBXResourcesBuildPhase section */

/* Begin PBXSourcesBuildPhase section */
		85F38F58200E072500FF408E /* Sources */ = {
			isa = PBXSourcesBuildPhase;
			buildActionMask = 2147483647;
			files = (
				85F38FC52011356500FF408E /* QuestionBuilder.m in Sources */,
				85F38F64200E072500FF408E /* MasterViewController.m in Sources */,
				85F38F61200E072500FF408E /* AppDelegate.m in Sources */,
				85F38FA1200FE89600FF408E /* Person.m in Sources */,
				85F38FBD201125B300FF408E /* StackOverflowCommunicator.m in Sources */,
				85F38FAB201118B500FF408E /* Answer.m in Sources */,
				85F38F72200E072500FF408E /* main.m in Sources */,
				85F38F90200E1A8900FF408E /* Question.m in Sources */,
				85F38F8A200E0FDF00FF408E /* Topic.m in Sources */,
				85F38FB2201120B300FF408E /* StackOverflowManager.m in Sources */,
				85F38F67200E072500FF408E /* DetailViewController.m in Sources */,
			);
			runOnlyForDeploymentPostprocessing = 0;
		};
		85F38F73200E072500FF408E /* Sources */ = {
			isa = PBXSourcesBuildPhase;
			buildActionMask = 2147483647;
			files = (
				85F38FA82010F2E000FF408E /* AnswerTests.m in Sources */,
				85F38FCC2011366100FF408E /* FakeQuestionBuilder.m in Sources */,
				85F38FA2200FE89600FF408E /* Person.m in Sources */,
				85F38FCE2011451800FF408E /* QuestionBuilderTests.m in Sources */,
				85F38F87200E0F5F00FF408E /* TopicTests.m in Sources */,
				85F38FC12011260200FF408E /* MockStackOverflowCommunicator.m in Sources */,
				85F38FAC201118B500FF408E /* Answer.m in Sources */,
				85F38FC62011356500FF408E /* QuestionBuilder.m in Sources */,
				85F38FB7201120E300FF408E /* MockStackOverflowManagerDelegate.m in Sources */,
				85F38F91200E1A8900FF408E /* Question.m in Sources */,
				85F38F8D200E1A0300FF408E /* QuestionTests.m in Sources */,
				85F38FB3201120B300FF408E /* StackOverflowManager.m in Sources */,
				85F38FD12013DFA000FF408E /* QuestionCreationTests.m in Sources */,
				85F38FAE20111EED00FF408E /* QuestionCreationWorkflowTests.m in Sources */,
				85F38FBE201125B300FF408E /* StackOverflowCommunicator.m in Sources */,
				85F38F8B200E0FDF00FF408E /* Topic.m in Sources */,
				85F38F9E200FE7A300FF408E /* PersonTests.m in Sources */,
			);
			runOnlyForDeploymentPostprocessing = 0;
		};
/* End PBXSourcesBuildPhase section */

/* Begin PBXTargetDependency section */
		85F38F79200E072500FF408E /* PBXTargetDependency */ = {
			isa = PBXTargetDependency;
			target = 85F38F5B200E072500FF408E /* BrowseOverflow */;
			targetProxy = 85F38F78200E072500FF408E /* PBXContainerItemProxy */;
		};
/* End PBXTargetDependency section */

/* Begin PBXVariantGroup section */
		85F38F68200E072500FF408E /* Main.storyboard */ = {
			isa = PBXVariantGroup;
			children = (
				85F38F69200E072500FF408E /* Base */,
			);
			name = Main.storyboard;
			sourceTree = "<group>";
		};
		85F38F6D200E072500FF408E /* LaunchScreen.storyboard */ = {
			isa = PBXVariantGroup;
			children = (
				85F38F6E200E072500FF408E /* Base */,
			);
			name = LaunchScreen.storyboard;
			sourceTree = "<group>";
		};
/* End PBXVariantGroup section */

/* Begin XCBuildConfiguration section */
		85F38F7E200E072500FF408E /* Debug */ = {
			isa = XCBuildConfiguration;
			buildSettings = {
				ALWAYS_SEARCH_USER_PATHS = NO;
				CLANG_ANALYZER_NONNULL = YES;
				CLANG_ANALYZER_NUMBER_OBJECT_CONVERSION = YES_AGGRESSIVE;
				CLANG_CXX_LANGUAGE_STANDARD = "gnu++14";
				CLANG_CXX_LIBRARY = "libc++";
				CLANG_ENABLE_MODULES = YES;
				CLANG_ENABLE_OBJC_ARC = YES;
				CLANG_WARN_BLOCK_CAPTURE_AUTORELEASING = YES;
				CLANG_WARN_BOOL_CONVERSION = YES;
				CLANG_WARN_COMMA = YES;
				CLANG_WARN_CONSTANT_CONVERSION = YES;
				CLANG_WARN_DIRECT_OBJC_ISA_USAGE = YES_ERROR;
				CLANG_WARN_DOCUMENTATION_COMMENTS = YES;
				CLANG_WARN_EMPTY_BODY = YES;
				CLANG_WARN_ENUM_CONVERSION = YES;
				CLANG_WARN_INFINITE_RECURSION = YES;
				CLANG_WARN_INT_CONVERSION = YES;
				CLANG_WARN_NON_LITERAL_NULL_CONVERSION = YES;
				CLANG_WARN_OBJC_LITERAL_CONVERSION = YES;
				CLANG_WARN_OBJC_ROOT_CLASS = YES_ERROR;
				CLANG_WARN_RANGE_LOOP_ANALYSIS = YES;
				CLANG_WARN_STRICT_PROTOTYPES = YES;
				CLANG_WARN_SUSPICIOUS_MOVE = YES;
				CLANG_WARN_UNGUARDED_AVAILABILITY = YES_AGGRESSIVE;
				CLANG_WARN_UNREACHABLE_CODE = YES;
				CLANG_WARN__DUPLICATE_METHOD_MATCH = YES;
				CODE_SIGN_IDENTITY = "iPhone Developer";
				COPY_PHASE_STRIP = NO;
				DEBUG_INFORMATION_FORMAT = dwarf;
				ENABLE_STRICT_OBJC_MSGSEND = YES;
				ENABLE_TESTABILITY = YES;
				GCC_C_LANGUAGE_STANDARD = gnu11;
				GCC_DYNAMIC_NO_PIC = NO;
				GCC_NO_COMMON_BLOCKS = YES;
				GCC_OPTIMIZATION_LEVEL = 0;
				GCC_PREPROCESSOR_DEFINITIONS = (
					"DEBUG=1",
					"$(inherited)",
				);
				GCC_WARN_64_TO_32_BIT_CONVERSION = YES;
				GCC_WARN_ABOUT_RETURN_TYPE = YES_ERROR;
				GCC_WARN_UNDECLARED_SELECTOR = YES;
				GCC_WARN_UNINITIALIZED_AUTOS = YES_AGGRESSIVE;
				GCC_WARN_UNUSED_FUNCTION = YES;
				GCC_WARN_UNUSED_VARIABLE = YES;
				IPHONEOS_DEPLOYMENT_TARGET = 11.2;
				MTL_ENABLE_DEBUG_INFO = YES;
				ONLY_ACTIVE_ARCH = YES;
				SDKROOT = iphoneos;
			};
			name = Debug;
		};
		85F38F7F200E072500FF408E /* Release */ = {
			isa = XCBuildConfiguration;
			buildSettings = {
				ALWAYS_SEARCH_USER_PATHS = NO;
				CLANG_ANALYZER_NONNULL = YES;
				CLANG_ANALYZER_NUMBER_OBJECT_CONVERSION = YES_AGGRESSIVE;
				CLANG_CXX_LANGUAGE_STANDARD = "gnu++14";
				CLANG_CXX_LIBRARY = "libc++";
				CLANG_ENABLE_MODULES = YES;
				CLANG_ENABLE_OBJC_ARC = YES;
				CLANG_WARN_BLOCK_CAPTURE_AUTORELEASING = YES;
				CLANG_WARN_BOOL_CONVERSION = YES;
				CLANG_WARN_COMMA = YES;
				CLANG_WARN_CONSTANT_CONVERSION = YES;
				CLANG_WARN_DIRECT_OBJC_ISA_USAGE = YES_ERROR;
				CLANG_WARN_DOCUMENTATION_COMMENTS = YES;
				CLANG_WARN_EMPTY_BODY = YES;
				CLANG_WARN_ENUM_CONVERSION = YES;
				CLANG_WARN_INFINITE_RECURSION = YES;
				CLANG_WARN_INT_CONVERSION = YES;
				CLANG_WARN_NON_LITERAL_NULL_CONVERSION = YES;
				CLANG_WARN_OBJC_LITERAL_CONVERSION = YES;
				CLANG_WARN_OBJC_ROOT_CLASS = YES_ERROR;
				CLANG_WARN_RANGE_LOOP_ANALYSIS = YES;
				CLANG_WARN_STRICT_PROTOTYPES = YES;
				CLANG_WARN_SUSPICIOUS_MOVE = YES;
				CLANG_WARN_UNGUARDED_AVAILABILITY = YES_AGGRESSIVE;
				CLANG_WARN_UNREACHABLE_CODE = YES;
				CLANG_WARN__DUPLICATE_METHOD_MATCH = YES;
				CODE_SIGN_IDENTITY = "iPhone Developer";
				COPY_PHASE_STRIP = NO;
				DEBUG_INFORMATION_FORMAT = "dwarf-with-dsym";
				ENABLE_NS_ASSERTIONS = NO;
				ENABLE_STRICT_OBJC_MSGSEND = YES;
				GCC_C_LANGUAGE_STANDARD = gnu11;
				GCC_NO_COMMON_BLOCKS = YES;
				GCC_WARN_64_TO_32_BIT_CONVERSION = YES;
				GCC_WARN_ABOUT_RETURN_TYPE = YES_ERROR;
				GCC_WARN_UNDECLARED_SELECTOR = YES;
				GCC_WARN_UNINITIALIZED_AUTOS = YES_AGGRESSIVE;
				GCC_WARN_UNUSED_FUNCTION = YES;
				GCC_WARN_UNUSED_VARIABLE = YES;
				IPHONEOS_DEPLOYMENT_TARGET = 11.2;
				MTL_ENABLE_DEBUG_INFO = NO;
				SDKROOT = iphoneos;
				VALIDATE_PRODUCT = YES;
			};
			name = Release;
		};
		85F38F81200E072500FF408E /* Debug */ = {
			isa = XCBuildConfiguration;
			buildSettings = {
				ASSETCATALOG_COMPILER_APPICON_NAME = AppIcon;
				CODE_SIGN_STYLE = Automatic;
				DEVELOPMENT_TEAM = G32GEY5S95;
				INFOPLIST_FILE = "$(SRCROOT)/BrowseOverflow/Supporting Files/Info.plist";
				LD_RUNPATH_SEARCH_PATHS = "$(inherited) @executable_path/Frameworks";
				PRODUCT_BUNDLE_IDENTIFIER = com.vmeansdev.BrowseOverflow;
				PRODUCT_NAME = "$(TARGET_NAME)";
				TARGETED_DEVICE_FAMILY = "1,2";
			};
			name = Debug;
		};
		85F38F82200E072500FF408E /* Release */ = {
			isa = XCBuildConfiguration;
			buildSettings = {
				ASSETCATALOG_COMPILER_APPICON_NAME = AppIcon;
				CODE_SIGN_STYLE = Automatic;
				DEVELOPMENT_TEAM = G32GEY5S95;
				INFOPLIST_FILE = "$(SRCROOT)/BrowseOverflow/Supporting Files/Info.plist";
				LD_RUNPATH_SEARCH_PATHS = "$(inherited) @executable_path/Frameworks";
				PRODUCT_BUNDLE_IDENTIFIER = com.vmeansdev.BrowseOverflow;
				PRODUCT_NAME = "$(TARGET_NAME)";
				TARGETED_DEVICE_FAMILY = "1,2";
			};
			name = Release;
		};
		85F38F84200E072500FF408E /* Debug */ = {
			isa = XCBuildConfiguration;
			buildSettings = {
				BUNDLE_LOADER = "$(TEST_HOST)";
				CODE_SIGN_STYLE = Automatic;
				DEVELOPMENT_TEAM = G32GEY5S95;
				INFOPLIST_FILE = BrowseOverflowTests/Info.plist;
				LD_RUNPATH_SEARCH_PATHS = "$(inherited) @executable_path/Frameworks @loader_path/Frameworks";
				PRODUCT_BUNDLE_IDENTIFIER = com.vmeansdev.BrowseOverflowTests;
				PRODUCT_NAME = "$(TARGET_NAME)";
				TARGETED_DEVICE_FAMILY = "1,2";
				TEST_HOST = "$(BUILT_PRODUCTS_DIR)/BrowseOverflow.app/BrowseOverflow";
			};
			name = Debug;
		};
		85F38F85200E072500FF408E /* Release */ = {
			isa = XCBuildConfiguration;
			buildSettings = {
				BUNDLE_LOADER = "$(TEST_HOST)";
				CODE_SIGN_STYLE = Automatic;
				DEVELOPMENT_TEAM = G32GEY5S95;
				INFOPLIST_FILE = BrowseOverflowTests/Info.plist;
				LD_RUNPATH_SEARCH_PATHS = "$(inherited) @executable_path/Frameworks @loader_path/Frameworks";
				PRODUCT_BUNDLE_IDENTIFIER = com.vmeansdev.BrowseOverflowTests;
				PRODUCT_NAME = "$(TARGET_NAME)";
				TARGETED_DEVICE_FAMILY = "1,2";
				TEST_HOST = "$(BUILT_PRODUCTS_DIR)/BrowseOverflow.app/BrowseOverflow";
			};
			name = Release;
		};
/* End XCBuildConfiguration section */

/* Begin XCConfigurationList section */
		85F38F57200E072500FF408E /* Build configuration list for PBXProject "BrowseOverflow" */ = {
			isa = XCConfigurationList;
			buildConfigurations = (
				85F38F7E200E072500FF408E /* Debug */,
				85F38F7F200E072500FF408E /* Release */,
			);
			defaultConfigurationIsVisible = 0;
			defaultConfigurationName = Release;
		};
		85F38F80200E072500FF408E /* Build configuration list for PBXNativeTarget "BrowseOverflow" */ = {
			isa = XCConfigurationList;
			buildConfigurations = (
				85F38F81200E072500FF408E /* Debug */,
				85F38F82200E072500FF408E /* Release */,
			);
			defaultConfigurationIsVisible = 0;
			defaultConfigurationName = Release;
		};
		85F38F83200E072500FF408E /* Build configuration list for PBXNativeTarget "BrowseOverflowTests" */ = {
			isa = XCConfigurationList;
			buildConfigurations = (
				85F38F84200E072500FF408E /* Debug */,
				85F38F85200E072500FF408E /* Release */,
			);
			defaultConfigurationIsVisible = 0;
			defaultConfigurationName = Release;
		};
/* End XCConfigurationList section */
	};
	rootObject = 85F38F54200E072500FF408E /* Project object */;
}
